# Generated by pub
# See https://dart.dev/tools/pub/glossary#lockfile
packages:
  after_layout:
    dependency: transitive
    description:
      name: after_layout
      url: "https://pub.flutter-io.cn"
    source: hosted
    version: "1.0.7+2"
  amap_base_core:
    dependency: transitive
    description:
      name: amap_base_core
      url: "https://pub.flutter-io.cn"
    source: hosted
    version: "0.0.5+1"
  amap_base_location:
    dependency: "direct main"
    description:
      name: amap_base_location
      url: "https://pub.flutter-io.cn"
    source: hosted
    version: "0.4.0+1"
  animated_text_kit:
    dependency: "direct main"
    description:
      name: animated_text_kit
      url: "https://pub.flutter-io.cn"
    source: hosted
    version: "1.3.1"
  async:
    dependency: transitive
    description:
      name: async
      url: "https://pub.flutter-io.cn"
    source: hosted
    version: "2.3.0"
  azlistview:
    dependency: "direct main"
    description:
      name: azlistview
      url: "https://pub.flutter-io.cn"
    source: hosted
    version: "0.1.2"
  badges:
    dependency: "direct main"
    description:
      name: badges
      url: "https://pub.flutter-io.cn"
    source: hosted
    version: "1.1.0"
  barcode_scan:
    dependency: "direct main"
    description:
      name: barcode_scan
      url: "https://pub.flutter-io.cn"
    source: hosted
    version: "1.0.0"
  boolean_selector:
    dependency: transitive
    description:
      name: boolean_selector
      url: "https://pub.flutter-io.cn"
    source: hosted
    version: "1.0.5"
  charcode:
    dependency: transitive
    description:
      name: charcode
      url: "https://pub.flutter-io.cn"
    source: hosted
    version: "1.1.2"
  charts_common:
    dependency: transitive
    description:
      name: charts_common
      url: "https://pub.flutter-io.cn"
    source: hosted
    version: "0.6.0"
  charts_flutter:
    dependency: "direct main"
    description:
      name: charts_flutter
      url: "https://pub.flutter-io.cn"
    source: hosted
    version: "0.6.0"
  chewie:
    dependency: "direct main"
    description:
      name: chewie
      url: "https://pub.flutter-io.cn"
    source: hosted
    version: "0.9.7"
  city_picker:
    dependency: "direct main"
    description:
      name: city_picker
      url: "https://pub.flutter-io.cn"
    source: hosted
    version: "0.1.3"
  city_pickers:
    dependency: "direct main"
    description:
      name: city_pickers
      url: "https://pub.flutter-io.cn"
    source: hosted
    version: "0.1.23"
  clippy_flutter:
    dependency: "direct main"
    description:
      path: "."
      ref: HEAD
      resolved-ref: f11f90538befc8e3f488e1154263975d0d1d51cc
      url: "https://github.com/figengungor/clippy_flutter"
    source: git
    version: "1.1.0"
  collection:
    dependency: transitive
    description:
      name: collection
      url: "https://pub.flutter-io.cn"
    source: hosted
    version: "1.14.11"
  contact_picker:
    dependency: "direct main"
    description:
      name: contact_picker
      url: "https://pub.flutter-io.cn"
    source: hosted
    version: "0.0.2"
  convert:
    dependency: transitive
    description:
      name: convert
      url: "https://pub.flutter-io.cn"
    source: hosted
    version: "2.1.1"
  cookie_jar:
    dependency: transitive
    description:
      name: cookie_jar
      url: "https://pub.flutter-io.cn"
    source: hosted
    version: "1.0.1"
  crypto:
    dependency: "direct main"
    description:
      name: crypto
      url: "https://pub.flutter-io.cn"
    source: hosted
    version: "2.1.1+1"
  csslib:
    dependency: transitive
    description:
      name: csslib
      url: "https://pub.flutter-io.cn"
    source: hosted
    version: "0.16.1"
  cupertino_icons:
    dependency: transitive
    description:
      name: cupertino_icons
      url: "https://pub.flutter-io.cn"
    source: hosted
    version: "0.1.2"
  device_info:
    dependency: "direct main"
    description:
      name: device_info
      url: "https://pub.flutter-io.cn"
    source: hosted
    version: "0.4.0+2"
  dio:
    dependency: "direct main"
    description:
      name: dio
      url: "https://pub.flutter-io.cn"
    source: hosted
    version: "2.1.13"
  english_words:
    dependency: "direct main"
    description:
      name: english_words
      url: "https://pub.flutter-io.cn"
    source: hosted
    version: "3.1.5"
  fancy_bottom_navigation:
    dependency: "direct main"
    description:
      name: fancy_bottom_navigation
      url: "https://pub.flutter-io.cn"
    source: hosted
    version: "0.3.2"
  feather_icons_flutter:
    dependency: "direct main"
    description:
      name: feather_icons_flutter
      url: "https://pub.flutter-io.cn"
    source: hosted
    version: "4.7.4"
  flute_music_player:
    dependency: "direct main"
    description:
      path: "."
      ref: HEAD
      resolved-ref: "1195ba57f144ab7ad23cc8b054f8153096b5ee60"
      url: "https://github.com/iampawan/Flute-Music-Player"
    source: git
    version: "0.0.6"
  flutter:
    dependency: "direct main"
    description: flutter
    source: sdk
    version: "0.0.0"
  flutter_colorpicker:
    dependency: "direct main"
    description:
      name: flutter_colorpicker
      url: "https://pub.flutter-io.cn"
    source: hosted
    version: "0.2.6"
  flutter_easyrefresh:
    dependency: "direct main"
    description:
      name: flutter_easyrefresh
      url: "https://pub.flutter-io.cn"
    source: hosted
    version: "1.2.7"
  flutter_html:
    dependency: "direct main"
    description:
      name: flutter_html
      url: "https://pub.flutter-io.cn"
    source: hosted
    version: "0.10.4"
  flutter_inner_drawer:
    dependency: "direct main"
    description:
      name: flutter_inner_drawer
      url: "https://pub.flutter-io.cn"
    source: hosted
    version: "0.3.0"
  flutter_jd_address_selector:
    dependency: "direct main"
    description:
      path: "."
      ref: HEAD
      resolved-ref: "025dcbfaff6e89e97b32fd042e77073c7f93cb5f"
      url: "https://github.com/shichunlei/flutter_jd_address_selector"
    source: git
    version: "0.0.1"
  flutter_localizations:
    dependency: "direct main"
    description: flutter
    source: sdk
    version: "0.0.0"
  flutter_page_indicator:
    dependency: transitive
    description:
      name: flutter_page_indicator
      url: "https://pub.flutter-io.cn"
    source: hosted
    version: "0.0.3"
  flutter_spinkit:
    dependency: "direct main"
    description:
      name: flutter_spinkit
      url: "https://pub.flutter-io.cn"
    source: hosted
    version: "2.1.0"
  flutter_staggered_grid_view:
    dependency: "direct main"
    description:
      name: flutter_staggered_grid_view
      url: "https://pub.flutter-io.cn"
    source: hosted
    version: "0.2.7"
  flutter_swiper:
    dependency: "direct main"
    description:
      name: flutter_swiper
      url: "https://pub.flutter-io.cn"
    source: hosted
    version: "1.1.6"
  flutter_test:
    dependency: "direct dev"
    description: flutter
    source: sdk
    version: "0.0.0"
  flutter_webview_plugin:
    dependency: "direct main"
    description:
      name: flutter_webview_plugin
      url: "https://pub.flutter-io.cn"
    source: hosted
    version: "0.3.5"
  fluttery:
    dependency: transitive
    description:
      name: fluttery
      url: "https://pub.flutter-io.cn"
    source: hosted
    version: "0.0.8"
  fluttery_seekbar:
    dependency: "direct main"
    description:
      name: fluttery_seekbar
      url: "https://pub.flutter-io.cn"
    source: hosted
    version: "0.0.1"
  font_awesome_flutter:
    dependency: "direct main"
    description:
      name: font_awesome_flutter
      url: "https://pub.flutter-io.cn"
    source: hosted
    version: "8.5.0"
  html:
    dependency: transitive
    description:
      name: html
      url: "https://pub.flutter-io.cn"
    source: hosted
    version: "0.14.0+2"
  http:
    dependency: "direct main"
    description:
      name: http
      url: "https://pub.flutter-io.cn"
    source: hosted
    version: "0.12.0+2"
  http_parser:
    dependency: transitive
    description:
      name: http_parser
      url: "https://pub.flutter-io.cn"
    source: hosted
    version: "3.1.3"
  image_cropper:
    dependency: "direct main"
    description:
      name: image_cropper
      url: "https://pub.flutter-io.cn"
    source: hosted
    version: "1.0.2"
  image_picker:
    dependency: "direct main"
    description:
      name: image_picker
      url: "https://pub.flutter-io.cn"
    source: hosted
    version: "0.6.1+2"
  image_picker_saver:
    dependency: "direct main"
    description:
      name: image_picker_saver
      url: "https://pub.flutter-io.cn"
    source: hosted
    version: "0.3.0"
  intl:
    dependency: transitive
    description:
      name: intl
      url: "https://pub.flutter-io.cn"
    source: hosted
    version: "0.15.8"
  intro_slider:
    dependency: "direct main"
    description:
      name: intro_slider
      url: "https://pub.flutter-io.cn"
    source: hosted
    version: "1.2.3"
  keyboard_actions:
    dependency: "direct main"
    description:
      name: keyboard_actions
      url: "https://pub.flutter-io.cn"
    source: hosted
    version: "2.1.2"
  logging:
    dependency: transitive
    description:
      name: logging
      url: "https://pub.flutter-io.cn"
    source: hosted
    version: "0.11.3+2"
  lpinyin:
    dependency: "direct main"
    description:
      name: lpinyin
      url: "https://pub.flutter-io.cn"
    source: hosted
    version: "1.0.7"
  matcher:
    dependency: transitive
    description:
      name: matcher
      url: "https://pub.flutter-io.cn"
    source: hosted
    version: "0.12.5"
  meta:
    dependency: transitive
    description:
      name: meta
      url: "https://pub.flutter-io.cn"
    source: hosted
    version: "1.1.7"
  multi_image_picker:
    dependency: "direct main"
    description:
      name: multi_image_picker
      url: "https://pub.flutter-io.cn"
    source: hosted
    version: "4.5.0+2"
  open_iconic_flutter:
    dependency: transitive
    description:
      name: open_iconic_flutter
      url: "https://pub.flutter-io.cn"
    source: hosted
    version: "0.3.0"
  package_info:
    dependency: "direct main"
    description:
      name: package_info
      url: "https://pub.flutter-io.cn"
    source: hosted
    version: "0.4.0+6"
  palette_generator:
    dependency: "direct main"
    description:
      name: palette_generator
      url: "https://pub.flutter-io.cn"
    source: hosted
    version: "0.2.0"
  path:
    dependency: transitive
    description:
      name: path
      url: "https://pub.flutter-io.cn"
    source: hosted
    version: "1.6.2"
  path_provider:
    dependency: "direct main"
    description:
      name: path_provider
      url: "https://pub.flutter-io.cn"
    source: hosted
    version: "1.2.0"
  pedantic:
    dependency: transitive
    description:
      name: pedantic
      url: "https://pub.flutter-io.cn"
    source: hosted
    version: "1.8.0+1"
  permission_handler:
    dependency: transitive
    description:
      name: permission_handler
      url: "https://pub.flutter-io.cn"
    source: hosted
    version: "3.2.2"
  photo_view:
    dependency: "direct main"
    description:
      name: photo_view
      url: "https://pub.flutter-io.cn"
    source: hosted
    version: "0.4.2"
  provider:
    dependency: "direct main"
    description:
      name: provider
      url: "https://pub.flutter-io.cn"
    source: hosted
    version: "3.0.0+1"
  qr:
    dependency: transitive
    description:
      name: qr
      url: "https://pub.flutter-io.cn"
    source: hosted
    version: "1.2.0"
  qr_flutter:
    dependency: "direct main"
    description:
      name: qr_flutter
      url: "https://pub.flutter-io.cn"
    source: hosted
    version: "2.1.0+55"
  quiver:
    dependency: transitive
    description:
      name: quiver
      url: "https://pub.flutter-io.cn"
    source: hosted
    version: "2.0.3"
  rounded_letter:
    dependency: "direct main"
    description:
      name: rounded_letter
      url: "https://pub.flutter-io.cn"
    source: hosted
    version: "0.0.6"
  rxdart:
    dependency: "direct main"
    description:
      name: rxdart
      url: "https://pub.flutter-io.cn"
    source: hosted
    version: "0.22.1+1"
  screen:
    dependency: transitive
    description:
      name: screen
      url: "https://pub.flutter-io.cn"
    source: hosted
    version: "0.0.5"
  share:
    dependency: "direct main"
    description:
      name: share
      url: "https://pub.flutter-io.cn"
    source: hosted
    version: "0.6.2+1"
  shared_preferences:
    dependency: "direct main"
    description:
      name: shared_preferences
      url: "https://pub.flutter-io.cn"
    source: hosted
    version: "0.5.3+4"
  sky_engine:
    dependency: transitive
    description: flutter
    source: sdk
    version: "0.0.99"
  source_span:
    dependency: transitive
    description:
      name: source_span
      url: "https://pub.flutter-io.cn"
    source: hosted
    version: "1.5.5"
  sqflite:
    dependency: "direct main"
    description:
      name: sqflite
      url: "https://pub.flutter-io.cn"
    source: hosted
    version: "1.1.6+3"
  stack_trace:
    dependency: transitive
    description:
      name: stack_trace
      url: "https://pub.flutter-io.cn"
    source: hosted
    version: "1.9.3"
  stream_channel:
    dependency: transitive
    description:
      name: stream_channel
      url: "https://pub.flutter-io.cn"
    source: hosted
    version: "2.0.0"
  string_scanner:
    dependency: transitive
    description:
      name: string_scanner
      url: "https://pub.flutter-io.cn"
    source: hosted
    version: "1.0.4"
  synchronized:
    dependency: transitive
    description:
      name: synchronized
      url: "https://pub.flutter-io.cn"
    source: hosted
    version: "2.1.0+1"
  term_glyph:
    dependency: transitive
    description:
      name: term_glyph
      url: "https://pub.flutter-io.cn"
    source: hosted
    version: "1.1.0"
  test_api:
    dependency: transitive
    description:
      name: test_api
      url: "https://pub.flutter-io.cn"
    source: hosted
    version: "0.2.5"
  timeline_list:
    dependency: "direct main"
    description:
      name: timeline_list
      url: "https://pub.flutter-io.cn"
    source: hosted
    version: "0.0.5"
  transformer_page_view:
    dependency: transitive
    description:
      name: transformer_page_view
      url: "https://pub.flutter-io.cn"
    source: hosted
    version: "0.1.6"
  transparent_image:
    dependency: "direct main"
    description:
      name: transparent_image
      url: "https://pub.flutter-io.cn"
    source: hosted
    version: "0.1.0"
  typed_data:
    dependency: transitive
    description:
      name: typed_data
      url: "https://pub.flutter-io.cn"
    source: hosted
    version: "1.1.6"
  url_launcher:
    dependency: "direct main"
    description:
      name: url_launcher
      url: "https://pub.flutter-io.cn"
    source: hosted
    version: "5.1.2"
  vector_math:
    dependency: transitive
    description:
      name: vector_math
      url: "https://pub.flutter-io.cn"
    source: hosted
    version: "2.0.8"
  video_player:
    dependency: "direct main"
    description:
      name: video_player
      url: "https://pub.flutter-io.cn"
    source: hosted
    version: "0.10.1+6"
sdks:
  dart: ">=2.3.0-dev.0.5.flutter-a1668566e5 <3.0.0"
  flutter: ">=1.7.8 <2.0.0"
