# Generated by pub
# See https://dart.dev/tools/pub/glossary#lockfile
packages:
  amap_core_fluttify:
    dependency: transitive
    description:
      name: amap_core_fluttify
      url: "https://pub.flutter-io.cn"
    source: hosted
    version: "0.5.3+356f11c"
  amap_location_fluttify:
    dependency: "direct main"
    description:
      name: amap_location_fluttify
      url: "https://pub.flutter-io.cn"
    source: hosted
    version: "0.8.6+356f11c"
  animated_text_kit:
    dependency: "direct main"
    description:
      name: animated_text_kit
      url: "https://pub.flutter-io.cn"
    source: hosted
    version: "2.0.0"
  archive:
    dependency: transitive
    description:
      name: archive
      url: "https://pub.flutter-io.cn"
    source: hosted
    version: "2.0.11"
  args:
    dependency: transitive
    description:
      name: args
      url: "https://pub.flutter-io.cn"
    source: hosted
    version: "1.5.2"
  async:
    dependency: transitive
    description:
      name: async
      url: "https://pub.flutter-io.cn"
    source: hosted
    version: "2.4.0"
  audioplayers:
    dependency: "direct main"
    description:
      name: audioplayers
      url: "https://pub.flutter-io.cn"
    source: hosted
    version: "0.14.0"
  azlistview:
    dependency: "direct main"
    description:
      name: azlistview
      url: "https://pub.flutter-io.cn"
    source: hosted
    version: "0.1.2"
  badges:
    dependency: "direct main"
    description:
      name: badges
      url: "https://pub.flutter-io.cn"
    source: hosted
    version: "1.1.0"
  barcode_flutter:
    dependency: "direct main"
    description:
      name: barcode_flutter
      url: "https://pub.flutter-io.cn"
    source: hosted
    version: "1.1.0"
  barcode_scan:
    dependency: "direct main"
    description:
      name: barcode_scan
      url: "https://pub.flutter-io.cn"
    source: hosted
    version: "1.0.0"
  boolean_selector:
    dependency: transitive
    description:
      name: boolean_selector
      url: "https://pub.flutter-io.cn"
    source: hosted
    version: "1.0.5"
  cached_network_image:
    dependency: "direct main"
    description:
      name: cached_network_image
      url: "https://pub.flutter-io.cn"
    source: hosted
    version: "2.0.0"
  charcode:
    dependency: transitive
    description:
      name: charcode
      url: "https://pub.flutter-io.cn"
    source: hosted
    version: "1.1.2"
  charts_common:
    dependency: transitive
    description:
      name: charts_common
      url: "https://pub.flutter-io.cn"
    source: hosted
    version: "0.8.1"
  charts_flutter:
    dependency: "direct main"
    description:
      name: charts_flutter
      url: "https://pub.flutter-io.cn"
    source: hosted
    version: "0.8.1"
  chewie:
    dependency: "direct main"
    description:
      name: chewie
      url: "https://pub.flutter-io.cn"
    source: hosted
    version: "0.9.8+1"
  clippy_flutter:
    dependency: "direct main"
    description:
      name: clippy_flutter
      url: "https://pub.flutter-io.cn"
    source: hosted
    version: "1.1.0"
  collection:
    dependency: transitive
    description:
      name: collection
      url: "https://pub.flutter-io.cn"
    source: hosted
    version: "1.14.11"
  contact_picker:
    dependency: "direct main"
    description:
      name: contact_picker
      url: "https://pub.flutter-io.cn"
    source: hosted
    version: "0.0.2"
  convert:
    dependency: transitive
    description:
      name: convert
      url: "https://pub.flutter-io.cn"
    source: hosted
    version: "2.1.1"
  crypto:
    dependency: transitive
    description:
      name: crypto
      url: "https://pub.flutter-io.cn"
    source: hosted
    version: "2.1.3"
  csslib:
    dependency: transitive
    description:
      name: csslib
      url: "https://pub.flutter-io.cn"
    source: hosted
    version: "0.16.1"
  cupertino_icons:
    dependency: transitive
    description:
      name: cupertino_icons
      url: "https://pub.flutter-io.cn"
    source: hosted
    version: "0.1.3"
  custom_widgets:
    dependency: "direct main"
    description:
      path: custom_widgets
      relative: true
    source: path
    version: "0.0.1"
  device_info:
    dependency: "direct main"
    description:
      name: device_info
      url: "https://pub.flutter-io.cn"
    source: hosted
    version: "0.4.1+4"
  dio:
    dependency: "direct main"
    description:
      name: dio
      url: "https://pub.flutter-io.cn"
    source: hosted
    version: "3.0.8"
  english_words:
    dependency: "direct main"
    description:
      name: english_words
      url: "https://pub.flutter-io.cn"
    source: hosted
    version: "3.1.5"
  fancy_bottom_navigation:
    dependency: "direct main"
    description:
      name: fancy_bottom_navigation
      url: "https://pub.flutter-io.cn"
    source: hosted
    version: "0.3.2"
  flutter:
    dependency: "direct main"
    description: flutter
    source: sdk
    version: "0.0.0"
  flutter_cache_manager:
    dependency: transitive
    description:
      name: flutter_cache_manager
      url: "https://pub.flutter-io.cn"
    source: hosted
    version: "1.1.3"
  flutter_colorpicker:
    dependency: "direct main"
    description:
      name: flutter_colorpicker
      url: "https://pub.flutter-io.cn"
    source: hosted
    version: "0.2.6"
  flutter_easyrefresh:
    dependency: "direct main"
    description:
      name: flutter_easyrefresh
      url: "https://pub.flutter-io.cn"
    source: hosted
    version: "2.0.9"
  flutter_html:
    dependency: "direct main"
    description:
      name: flutter_html
      url: "https://pub.flutter-io.cn"
    source: hosted
    version: "0.11.1"
  flutter_inner_drawer:
    dependency: "direct main"
    description:
      name: flutter_inner_drawer
      url: "https://pub.flutter-io.cn"
    source: hosted
    version: "0.5.4"
  flutter_jd_address_selector:
    dependency: "direct main"
    description:
      path: "."
      ref: HEAD
      resolved-ref: "5b7eaf1bb7320a9569f8fadd2e5ade951ac447f2"
      url: "https://github.com/shichunlei/flutter_jd_address_selector"
    source: git
    version: "0.0.1"
  flutter_localizations:
    dependency: "direct main"
    description: flutter
    source: sdk
    version: "0.0.0"
  flutter_page_indicator:
    dependency: transitive
    description:
      name: flutter_page_indicator
      url: "https://pub.flutter-io.cn"
    source: hosted
    version: "0.0.3"
  flutter_plugin_android_lifecycle:
    dependency: transitive
    description:
      name: flutter_plugin_android_lifecycle
      url: "https://pub.flutter-io.cn"
    source: hosted
    version: "1.0.5"
  flutter_sound:
    dependency: "direct main"
    description:
      name: flutter_sound
      url: "https://pub.flutter-io.cn"
    source: hosted
    version: "2.0.4"
  flutter_spinkit:
    dependency: "direct main"
    description:
      name: flutter_spinkit
      url: "https://pub.flutter-io.cn"
    source: hosted
    version: "4.1.1+1"
  flutter_staggered_grid_view:
    dependency: "direct main"
    description:
      name: flutter_staggered_grid_view
      url: "https://pub.flutter-io.cn"
    source: hosted
    version: "0.3.0"
  flutter_swiper:
    dependency: "direct main"
    description:
      name: flutter_swiper
      url: "https://pub.flutter-io.cn"
    source: hosted
    version: "1.1.6"
  flutter_test:
    dependency: "direct dev"
    description: flutter
    source: sdk
    version: "0.0.0"
  flutter_vector_icons:
    dependency: "direct main"
    description:
      name: flutter_vector_icons
      url: "https://pub.flutter-io.cn"
    source: hosted
    version: "0.2.1"
  flutter_web_plugins:
    dependency: transitive
    description: flutter
    source: sdk
    version: "0.0.0"
  flutter_webview_plugin:
    dependency: "direct main"
    description:
      name: flutter_webview_plugin
      url: "https://pub.flutter-io.cn"
    source: hosted
    version: "0.3.10+1"
  foundation_fluttify:
    dependency: transitive
    description:
      name: foundation_fluttify
      url: "https://pub.flutter-io.cn"
    source: hosted
    version: "0.4.6"
  html:
    dependency: transitive
    description:
      name: html
      url: "https://pub.flutter-io.cn"
    source: hosted
    version: "0.14.0+3"
  http:
    dependency: transitive
    description:
      name: http
      url: "https://pub.flutter-io.cn"
    source: hosted
    version: "0.12.0+4"
  http_parser:
    dependency: transitive
    description:
      name: http_parser
      url: "https://pub.flutter-io.cn"
    source: hosted
    version: "3.1.3"
  image:
    dependency: transitive
    description:
      name: image
      url: "https://pub.flutter-io.cn"
    source: hosted
    version: "2.1.4"
  image_cropper:
    dependency: "direct main"
    description:
      name: image_cropper
      url: "https://pub.flutter-io.cn"
    source: hosted
    version: "1.2.1"
  image_gallery_saver:
    dependency: "direct main"
    description:
      name: image_gallery_saver
      url: "https://pub.flutter-io.cn"
    source: hosted
    version: "1.2.2"
  image_picker:
    dependency: "direct main"
    description:
      name: image_picker
      url: "https://pub.flutter-io.cn"
    source: hosted
    version: "0.6.3+1"
  intl:
    dependency: transitive
    description:
      name: intl
      url: "https://pub.flutter-io.cn"
    source: hosted
    version: "0.16.0"
  intro_slider:
    dependency: "direct main"
    description:
      name: intro_slider
      url: "https://pub.flutter-io.cn"
    source: hosted
    version: "2.2.8"
  logging:
    dependency: transitive
    description:
      name: logging
      url: "https://pub.flutter-io.cn"
    source: hosted
    version: "0.11.4"
  lpinyin:
    dependency: "direct main"
    description:
      name: lpinyin
      url: "https://pub.flutter-io.cn"
    source: hosted
    version: "1.0.9"
  matcher:
    dependency: transitive
    description:
      name: matcher
      url: "https://pub.flutter-io.cn"
    source: hosted
    version: "0.12.6"
  meta:
    dependency: transitive
    description:
      name: meta
      url: "https://pub.flutter-io.cn"
    source: hosted
    version: "1.1.8"
  multi_image_picker:
    dependency: "direct main"
    description:
      name: multi_image_picker
      url: "https://pub.flutter-io.cn"
    source: hosted
    version: "4.6.1"
  nested:
    dependency: transitive
    description:
      name: nested
      url: "https://pub.flutter-io.cn"
    source: hosted
    version: "0.0.4"
  open_iconic_flutter:
    dependency: transitive
    description:
      name: open_iconic_flutter
      url: "https://pub.flutter-io.cn"
    source: hosted
    version: "0.3.0"
  package_info:
    dependency: "direct main"
    description:
      name: package_info
      url: "https://pub.flutter-io.cn"
    source: hosted
    version: "0.4.0+13"
  palette_generator:
    dependency: "direct main"
    description:
      name: palette_generator
      url: "https://pub.flutter-io.cn"
    source: hosted
    version: "0.2.0"
  parallax_image:
    dependency: "direct main"
    description:
      name: parallax_image
      url: "https://pub.flutter-io.cn"
    source: hosted
    version: "0.3.1+1"
  path:
    dependency: transitive
    description:
      name: path
      url: "https://pub.flutter-io.cn"
    source: hosted
    version: "1.6.4"
  path_provider:
    dependency: "direct main"
    description:
      name: path_provider
      url: "https://pub.flutter-io.cn"
    source: hosted
    version: "1.6.0"
  pedantic:
    dependency: transitive
    description:
      name: pedantic
      url: "https://pub.flutter-io.cn"
    source: hosted
    version: "1.8.0+1"
  permission_handler:
    dependency: "direct main"
    description:
      name: permission_handler
      url: "https://pub.flutter-io.cn"
    source: hosted
    version: "4.2.0+hotfix.3"
  petitparser:
    dependency: transitive
    description:
      name: petitparser
      url: "https://pub.flutter-io.cn"
    source: hosted
    version: "2.4.0"
  photo_view:
    dependency: "direct main"
    description:
      name: photo_view
      url: "https://pub.flutter-io.cn"
    source: hosted
    version: "0.9.1"
  platform:
    dependency: transitive
    description:
      name: platform
      url: "https://pub.flutter-io.cn"
    source: hosted
    version: "2.2.1"
  plugin_platform_interface:
    dependency: transitive
    description:
      name: plugin_platform_interface
      url: "https://pub.flutter-io.cn"
    source: hosted
    version: "1.0.1"
  provider:
    dependency: "direct main"
    description:
      name: provider
      url: "https://pub.flutter-io.cn"
    source: hosted
    version: "4.0.4"
  qr:
    dependency: transitive
    description:
      name: qr
      url: "https://pub.flutter-io.cn"
    source: hosted
    version: "1.2.0"
  qr_flutter:
    dependency: "direct main"
    description:
      name: qr_flutter
      url: "https://pub.flutter-io.cn"
    source: hosted
    version: "3.2.0"
  quiver:
    dependency: transitive
    description:
      name: quiver
      url: "https://pub.flutter-io.cn"
    source: hosted
    version: "2.0.5"
  rounded_letter:
    dependency: "direct main"
    description:
      name: rounded_letter
      url: "https://pub.flutter-io.cn"
    source: hosted
    version: "0.0.6"
  screen:
    dependency: transitive
    description:
      name: screen
      url: "https://pub.flutter-io.cn"
    source: hosted
    version: "0.0.5"
  share:
    dependency: "direct main"
    description:
      name: share
      url: "https://pub.flutter-io.cn"
    source: hosted
    version: "0.6.3+5"
  shared_preferences:
    dependency: "direct main"
    description:
      name: shared_preferences
      url: "https://pub.flutter-io.cn"
    source: hosted
    version: "0.5.6+1"
  shared_preferences_macos:
    dependency: transitive
    description:
      name: shared_preferences_macos
      url: "https://pub.flutter-io.cn"
    source: hosted
    version: "0.0.1+4"
  shared_preferences_platform_interface:
    dependency: transitive
    description:
      name: shared_preferences_platform_interface
      url: "https://pub.flutter-io.cn"
    source: hosted
    version: "1.0.1"
  shared_preferences_web:
    dependency: transitive
    description:
      name: shared_preferences_web
      url: "https://pub.flutter-io.cn"
    source: hosted
    version: "0.1.2+3"
  shimmer:
    dependency: "direct main"
    description:
      name: shimmer
      url: "https://pub.flutter-io.cn"
    source: hosted
    version: "1.0.1"
  sky_engine:
    dependency: transitive
    description: flutter
    source: sdk
    version: "0.0.99"
  source_span:
    dependency: transitive
    description:
      name: source_span
      url: "https://pub.flutter-io.cn"
    source: hosted
    version: "1.5.5"
  sqflite:
    dependency: "direct main"
    description:
      name: sqflite
      url: "https://pub.flutter-io.cn"
    source: hosted
    version: "1.2.0"
  stack_trace:
    dependency: transitive
    description:
      name: stack_trace
      url: "https://pub.flutter-io.cn"
    source: hosted
    version: "1.9.3"
  stream_channel:
    dependency: transitive
    description:
      name: stream_channel
      url: "https://pub.flutter-io.cn"
    source: hosted
    version: "2.0.0"
  string_scanner:
    dependency: transitive
    description:
      name: string_scanner
      url: "https://pub.flutter-io.cn"
    source: hosted
    version: "1.0.5"
  synchronized:
    dependency: transitive
    description:
      name: synchronized
      url: "https://pub.flutter-io.cn"
    source: hosted
    version: "2.2.0"
  term_glyph:
    dependency: transitive
    description:
      name: term_glyph
      url: "https://pub.flutter-io.cn"
    source: hosted
    version: "1.1.0"
  test_api:
    dependency: transitive
    description:
      name: test_api
      url: "https://pub.flutter-io.cn"
    source: hosted
    version: "0.2.11"
  timeline_list:
    dependency: "direct main"
    description:
      name: timeline_list
      url: "https://pub.flutter-io.cn"
    source: hosted
    version: "0.0.5"
  transformer_page_view:
    dependency: transitive
    description:
      name: transformer_page_view
      url: "https://pub.flutter-io.cn"
    source: hosted
    version: "0.1.6"
  transparent_image:
    dependency: "direct main"
    description:
      name: transparent_image
      url: "https://pub.flutter-io.cn"
    source: hosted
    version: "1.0.0"
  typed_data:
    dependency: transitive
    description:
      name: typed_data
      url: "https://pub.flutter-io.cn"
    source: hosted
    version: "1.1.6"
  url_launcher:
    dependency: "direct main"
    description:
      name: url_launcher
      url: "https://pub.flutter-io.cn"
    source: hosted
    version: "5.4.1"
  url_launcher_macos:
    dependency: transitive
    description:
      name: url_launcher_macos
      url: "https://pub.flutter-io.cn"
    source: hosted
    version: "0.0.1+2"
  url_launcher_platform_interface:
    dependency: transitive
    description:
      name: url_launcher_platform_interface
      url: "https://pub.flutter-io.cn"
    source: hosted
    version: "1.0.5"
  url_launcher_web:
    dependency: transitive
    description:
      name: url_launcher_web
      url: "https://pub.flutter-io.cn"
    source: hosted
    version: "0.1.1"
  uuid:
    dependency: transitive
    description:
      name: uuid
      url: "https://pub.flutter-io.cn"
    source: hosted
    version: "2.0.4"
  vector_math:
    dependency: transitive
    description:
      name: vector_math
      url: "https://pub.flutter-io.cn"
    source: hosted
    version: "2.0.8"
  video_player:
    dependency: "direct main"
    description:
      name: video_player
      url: "https://pub.flutter-io.cn"
    source: hosted
    version: "0.10.7"
  video_player_platform_interface:
    dependency: transitive
    description:
      name: video_player_platform_interface
      url: "https://pub.flutter-io.cn"
    source: hosted
    version: "1.0.4"
  video_player_web:
    dependency: transitive
    description:
      name: video_player_web
      url: "https://pub.flutter-io.cn"
    source: hosted
    version: "0.1.2"
  xml:
    dependency: transitive
    description:
      name: xml
      url: "https://pub.flutter-io.cn"
    source: hosted
    version: "3.5.0"
sdks:
  dart: ">=2.6.0 <3.0.0"
  flutter: ">=1.12.13+hotfix.4 <2.0.0"
